
Microsoft Visual Studio Solution File, Format Version 12.00
# Visual Studio Version 16
VisualStudioVersion = 16.0.30503.244
MinimumVisualStudioVersion = 10.0.40219.1
Project("{D954291E-2A0B-460D-934E-DC6B0785DB48}") = "AutoPocoIO.AspNet", "..\src\AutoPocoIO.Aspnet\AutoPocoIO.AspNet.shproj", "{38F8D4FF-FF0F-48AD-8CB1-1618EF4D1DE9}"
EndProject
Project("{D954291E-2A0B-460D-934E-DC6B0785DB48}") = "AutoPocoIO.AspNetCore", "..\src\AutoPocoIO.AspNetCore\AutoPocoIO.AspNetCore.shproj", "{E2D69D9D-44AC-41CE-9BD8-AC886BE7312E}"
EndProject
Project("{9A19103F-16F7-4668-BE54-9A1E7A4F7556}") = "AutoPocoIO_3X", "..\src\AutoPocoIO_3X\AutoPocoIO_3X.csproj", "{55917236-7C5B-42AC-9D5E-90D6BDF6182B}"
EndProject
Project("{2150E333-8FDC-42A3-9474-1A3956D46DE8}") = "Solution Items", "Solution Items", "{DDAEC04B-74D4-4397-8C67-4C180B941D9D}"
	ProjectSection(SolutionItems) = preProject
		..\.gitignore = ..\.gitignore
	EndProjectSection
EndProject
Project("{2150E333-8FDC-42A3-9474-1A3956D46DE8}") = "Unit Tests", "Unit Tests", "{04B8C937-426B-435F-A8F1-6C40BCF63756}"
EndProject
Project("{D954291E-2A0B-460D-934E-DC6B0785DB48}") = "AutoPocoIO.AspNet.test", "..\tests\AutoPocoIO.AspNet.test\AutoPocoIO.AspNet.test.shproj", "{A3F5B21A-325B-4859-9A6D-759B9A073B58}"
EndProject
Project("{D954291E-2A0B-460D-934E-DC6B0785DB48}") = "AutoPocoIO.AspNetCore.test", "..\tests\AutoPocoIO.AspNetCore.test\AutoPocoIO.AspNetCore.test.shproj", "{308C60F3-748F-405D-A104-12FD7730D788}"
EndProject
Project("{9A19103F-16F7-4668-BE54-9A1E7A4F7556}") = "AutoPocoIO_3X.AspNet.test", "..\tests\3X\AutoPocoIO_3X.AspNet.test\AutoPocoIO_3X.AspNet.test.csproj", "{CA59816B-A1A6-44DB-BDBF-B822EDD01D34}"
EndProject
Project("{9A19103F-16F7-4668-BE54-9A1E7A4F7556}") = "AutoPocoIO_3X.AspNetCore.test", "..\tests\3X\AutoPocoIO_3X.AspNetCore.test\AutoPocoIO_3X.AspNetCore.test.csproj", "{DD886D30-342E-4906-BDAE-9CAB094C1AAF}"
EndProject
Project("{9A19103F-16F7-4668-BE54-9A1E7A4F7556}") = "AutoPocoIO_3X.test", "..\tests\3X\AutoPocoIO_3X.test\AutoPocoIO_3X.test.csproj", "{8B376098-B3BB-42BD-B3B8-AF87EAFAB42B}"
EndProject
Project("{9A19103F-16F7-4668-BE54-9A1E7A4F7556}") = "AutoPocoIO_3X.Core", "..\src\AutoPocoIO_3X.Core\AutoPocoIO_3X.Core.csproj", "{73AEC646-57B9-49F7-A7A5-EBCD732D381A}"
EndProject
Project("{D954291E-2A0B-460D-934E-DC6B0785DB48}") = "AutoPocoIO.Core.Shared", "..\src\AutoPocoIO.Core.Shared\AutoPocoIO.Core.Shared.shproj", "{8AAA2E58-1EA7-4A81-A8B9-9F8D55345446}"
EndProject
Global
	GlobalSection(SharedMSBuildProjectFiles) = preSolution
		..\tests\AutoPocoIO.AspNetCore.test\AutoPocoIO.AspNetCore.test.projitems*{308c60f3-748f-405d-a104-12fd7730d788}*SharedItemsImports = 13
		..\src\AutoPocoIO.Aspnet\AutoPocoIO.AspNet.projitems*{38f8d4ff-ff0f-48ad-8cb1-1618ef4d1de9}*SharedItemsImports = 13
		..\src\AutoPocoIO.Aspnet\AutoPocoIO.AspNet.projitems*{55917236-7c5b-42ac-9d5e-90d6bdf6182b}*SharedItemsImports = 5
		..\src\AutoPocoIO.Core.Shared\AutoPocoIO.Core.Shared.projitems*{73aec646-57b9-49f7-a7a5-ebcd732d381a}*SharedItemsImports = 5
		..\src\AutoPocoIO.Core.Shared\AutoPocoIO.Core.Shared.projitems*{8aaa2e58-1ea7-4a81-a8b9-9f8d55345446}*SharedItemsImports = 13
		..\tests\AutoPocoIO.AspNet.test\AutoPocoIO.AspNet.test.projitems*{a3f5b21a-325b-4859-9a6d-759b9a073b58}*SharedItemsImports = 13
		..\tests\AutoPocoIO.AspNet.test\AutoPocoIO.AspNet.test.projitems*{ca59816b-a1a6-44db-bdbf-b822edd01d34}*SharedItemsImports = 5
		..\tests\AutoPocoIO.AspNetCore.test\AutoPocoIO.AspNetCore.test.projitems*{dd886d30-342e-4906-bdae-9cab094c1aaf}*SharedItemsImports = 5
		..\src\AutoPocoIO.AspNetCore\AutoPocoIO.AspNetCore.projitems*{e2d69d9d-44ac-41ce-9bd8-ac886be7312e}*SharedItemsImports = 13
	EndGlobalSection
	GlobalSection(SolutionConfigurationPlatforms) = preSolution
		Debug|Any CPU = Debug|Any CPU
		Release|Any CPU = Release|Any CPU
	EndGlobalSection
	GlobalSection(ProjectConfigurationPlatforms) = postSolution
		{55917236-7C5B-42AC-9D5E-90D6BDF6182B}.Debug|Any CPU.ActiveCfg = Debug|Any CPU
		{55917236-7C5B-42AC-9D5E-90D6BDF6182B}.Debug|Any CPU.Build.0 = Debug|Any CPU
		{55917236-7C5B-42AC-9D5E-90D6BDF6182B}.Release|Any CPU.ActiveCfg = Release|Any CPU
		{55917236-7C5B-42AC-9D5E-90D6BDF6182B}.Release|Any CPU.Build.0 = Release|Any CPU
		{CA59816B-A1A6-44DB-BDBF-B822EDD01D34}.Debug|Any CPU.ActiveCfg = Debug|Any CPU
		{CA59816B-A1A6-44DB-BDBF-B822EDD01D34}.Debug|Any CPU.Build.0 = Debug|Any CPU
		{CA59816B-A1A6-44DB-BDBF-B822EDD01D34}.Release|Any CPU.ActiveCfg = Release|Any CPU
		{CA59816B-A1A6-44DB-BDBF-B822EDD01D34}.Release|Any CPU.Build.0 = Release|Any CPU
		{DD886D30-342E-4906-BDAE-9CAB094C1AAF}.Debug|Any CPU.ActiveCfg = Debug|Any CPU
		{DD886D30-342E-4906-BDAE-9CAB094C1AAF}.Debug|Any CPU.Build.0 = Debug|Any CPU
		{DD886D30-342E-4906-BDAE-9CAB094C1AAF}.Release|Any CPU.ActiveCfg = Release|Any CPU
		{DD886D30-342E-4906-BDAE-9CAB094C1AAF}.Release|Any CPU.Build.0 = Release|Any CPU
		{8B376098-B3BB-42BD-B3B8-AF87EAFAB42B}.Debug|Any CPU.ActiveCfg = Debug|Any CPU
		{8B376098-B3BB-42BD-B3B8-AF87EAFAB42B}.Debug|Any CPU.Build.0 = Debug|Any CPU
		{8B376098-B3BB-42BD-B3B8-AF87EAFAB42B}.Release|Any CPU.ActiveCfg = Release|Any CPU
		{8B376098-B3BB-42BD-B3B8-AF87EAFAB42B}.Release|Any CPU.Build.0 = Release|Any CPU
		{73AEC646-57B9-49F7-A7A5-EBCD732D381A}.Debug|Any CPU.ActiveCfg = Debug|Any CPU
		{73AEC646-57B9-49F7-A7A5-EBCD732D381A}.Debug|Any CPU.Build.0 = Debug|Any CPU
		{73AEC646-57B9-49F7-A7A5-EBCD732D381A}.Release|Any CPU.ActiveCfg = Release|Any CPU
		{73AEC646-57B9-49F7-A7A5-EBCD732D381A}.Release|Any CPU.Build.0 = Release|Any CPU
	EndGlobalSection
	GlobalSection(SolutionProperties) = preSolution
		HideSolutionNode = FALSE
	EndGlobalSection
	GlobalSection(NestedProjects) = preSolution
		{A3F5B21A-325B-4859-9A6D-759B9A073B58} = {04B8C937-426B-435F-A8F1-6C40BCF63756}
		{308C60F3-748F-405D-A104-12FD7730D788} = {04B8C937-426B-435F-A8F1-6C40BCF63756}
		{CA59816B-A1A6-44DB-BDBF-B822EDD01D34} = {04B8C937-426B-435F-A8F1-6C40BCF63756}
		{DD886D30-342E-4906-BDAE-9CAB094C1AAF} = {04B8C937-426B-435F-A8F1-6C40BCF63756}
		{8B376098-B3BB-42BD-B3B8-AF87EAFAB42B} = {04B8C937-426B-435F-A8F1-6C40BCF63756}
	EndGlobalSection
	GlobalSection(ExtensibilityGlobals) = postSolution
		SolutionGuid = {53447C7B-D1D4-4496-AE73-5901503A7214}
	EndGlobalSection
EndGlobal
