
Microsoft Visual Studio Solution File, Format Version 12.00
# Visual Studio Version 16
VisualStudioVersion = 16.0.30503.244
MinimumVisualStudioVersion = 10.0.40219.1
Project("{D954291E-2A0B-460D-934E-DC6B0785DB48}") = "AutoPocoIO.Core.Shared", "..\src\AutoPocoIO.Core.Shared\AutoPocoIO.Core.Shared.shproj", "{8AAA2E58-1EA7-4A81-A8B9-9F8D55345446}"
EndProject
Project("{2150E333-8FDC-42A3-9474-1A3956D46DE8}") = "Unit Tests", "Unit Tests", "{CDA321A4-DE14-4736-B587-91B5E4C246D2}"
EndProject
Project("{D954291E-2A0B-460D-934E-DC6B0785DB48}") = "AutoPocoIO.Core.Shared.test", "..\tests\AutoPocoIO.Core.Shared.test\AutoPocoIO.Core.Shared.test.shproj", "{A1A053C9-7F60-4FEA-A5F5-5CA9705DE569}"
EndProject
Project("{9A19103F-16F7-4668-BE54-9A1E7A4F7556}") = "AutoPocoIO.Core.EFCore2", "..\src\EFCore2\AutoPocoIO.Core\AutoPocoIO.Core.EFCore2.csproj", "{3934AA8E-8A31-4158-81C1-C977463899CC}"
EndProject
Project("{9A19103F-16F7-4668-BE54-9A1E7A4F7556}") = "AutoPocoIO.Core.EFCore2.test", "..\tests\EFCore2\AutoPocoIO.Core.test\AutoPocoIO.Core.EFCore2.test.csproj", "{498C0B80-4F4F-4BAE-9366-E52ACF73FFBF}"
EndProject
Global
	GlobalSection(SharedMSBuildProjectFiles) = preSolution
		..\src\AutoPocoIO.Core.Shared\AutoPocoIO.Core.Shared.projitems*{3934aa8e-8a31-4158-81c1-c977463899cc}*SharedItemsImports = 5
		..\tests\AutoPocoIO.Core.Shared.test\AutoPocoIO.Core.Shared.test.projitems*{498c0b80-4f4f-4bae-9366-e52acf73ffbf}*SharedItemsImports = 5
		..\src\AutoPocoIO.Core.Shared\AutoPocoIO.Core.Shared.projitems*{8aaa2e58-1ea7-4a81-a8b9-9f8d55345446}*SharedItemsImports = 13
		..\tests\AutoPocoIO.Core.Shared.test\AutoPocoIO.Core.Shared.test.projitems*{a1a053c9-7f60-4fea-a5f5-5ca9705de569}*SharedItemsImports = 13
	EndGlobalSection
	GlobalSection(SolutionConfigurationPlatforms) = preSolution
		Debug|Any CPU = Debug|Any CPU
		Release|Any CPU = Release|Any CPU
	EndGlobalSection
	GlobalSection(ProjectConfigurationPlatforms) = postSolution
		{3934AA8E-8A31-4158-81C1-C977463899CC}.Debug|Any CPU.ActiveCfg = Debug|Any CPU
		{3934AA8E-8A31-4158-81C1-C977463899CC}.Debug|Any CPU.Build.0 = Debug|Any CPU
		{3934AA8E-8A31-4158-81C1-C977463899CC}.Release|Any CPU.ActiveCfg = Release|Any CPU
		{3934AA8E-8A31-4158-81C1-C977463899CC}.Release|Any CPU.Build.0 = Release|Any CPU
		{498C0B80-4F4F-4BAE-9366-E52ACF73FFBF}.Debug|Any CPU.ActiveCfg = Debug|Any CPU
		{498C0B80-4F4F-4BAE-9366-E52ACF73FFBF}.Debug|Any CPU.Build.0 = Debug|Any CPU
		{498C0B80-4F4F-4BAE-9366-E52ACF73FFBF}.Release|Any CPU.ActiveCfg = Release|Any CPU
		{498C0B80-4F4F-4BAE-9366-E52ACF73FFBF}.Release|Any CPU.Build.0 = Release|Any CPU
	EndGlobalSection
	GlobalSection(SolutionProperties) = preSolution
		HideSolutionNode = FALSE
	EndGlobalSection
	GlobalSection(NestedProjects) = preSolution
		{A1A053C9-7F60-4FEA-A5F5-5CA9705DE569} = {CDA321A4-DE14-4736-B587-91B5E4C246D2}
		{498C0B80-4F4F-4BAE-9366-E52ACF73FFBF} = {CDA321A4-DE14-4736-B587-91B5E4C246D2}
	EndGlobalSection
	GlobalSection(ExtensibilityGlobals) = postSolution
		SolutionGuid = {7323D7AF-A580-45CD-ADD8-0D9ADCD1E5BF}
	EndGlobalSection
EndGlobal
