
Microsoft Visual Studio Solution File, Format Version 12.00
# Visual Studio Version 16
VisualStudioVersion = 16.0.30503.244
MinimumVisualStudioVersion = 10.0.40219.1
Project("{FAE04EC0-301F-11D3-BF4B-00C04F79EFBC}") = "AutoPocoIO.Core", "..\src\AutoPocoIO.Core\AutoPocoIO.Core.csproj", "{AC4E6A94-5BAD-4A53-A3EC-652B6BABFD81}"
EndProject
Project("{FAE04EC0-301F-11D3-BF4B-00C04F79EFBC}") = "AutoPocoIO.Core.test", "..\tests\AutoPocoIO.Core.test\AutoPocoIO.Core.test.csproj", "{46D95A56-BEFF-4C4C-9B99-714C198020D8}"
EndProject
Global
	GlobalSection(SolutionConfigurationPlatforms) = preSolution
		Debug|Any CPU = Debug|Any CPU
		Release|Any CPU = Release|Any CPU
	EndGlobalSection
	GlobalSection(ProjectConfigurationPlatforms) = postSolution
		{AC4E6A94-5BAD-4A53-A3EC-652B6BABFD81}.Debug|Any CPU.ActiveCfg = Debug|Any CPU
		{AC4E6A94-5BAD-4A53-A3EC-652B6BABFD81}.Debug|Any CPU.Build.0 = Debug|Any CPU
		{AC4E6A94-5BAD-4A53-A3EC-652B6BABFD81}.Release|Any CPU.ActiveCfg = Release|Any CPU
		{AC4E6A94-5BAD-4A53-A3EC-652B6BABFD81}.Release|Any CPU.Build.0 = Release|Any CPU
		{46D95A56-BEFF-4C4C-9B99-714C198020D8}.Debug|Any CPU.ActiveCfg = Debug|Any CPU
		{46D95A56-BEFF-4C4C-9B99-714C198020D8}.Debug|Any CPU.Build.0 = Debug|Any CPU
		{46D95A56-BEFF-4C4C-9B99-714C198020D8}.Release|Any CPU.ActiveCfg = Release|Any CPU
		{46D95A56-BEFF-4C4C-9B99-714C198020D8}.Release|Any CPU.Build.0 = Release|Any CPU
	EndGlobalSection
	GlobalSection(SolutionProperties) = preSolution
		HideSolutionNode = FALSE
	EndGlobalSection
	GlobalSection(ExtensibilityGlobals) = postSolution
		SolutionGuid = {79F96F83-0F99-4121-A583-6C1A57E57C02}
	EndGlobalSection
EndGlobal
