
Microsoft Visual Studio Solution File, Format Version 12.00
# Visual Studio Version 16
VisualStudioVersion = 16.0.30503.244
MinimumVisualStudioVersion = 10.0.40219.1
Project("{D954291E-2A0B-460D-934E-DC6B0785DB48}") = "AutoPocoIO.Core.Shared", "..\src\AutoPocoIO.Core.Shared\AutoPocoIO.Core.Shared.shproj", "{8AAA2E58-1EA7-4A81-A8B9-9F8D55345446}"
EndProject
Project("{2150E333-8FDC-42A3-9474-1A3956D46DE8}") = "Unit Tests", "Unit Tests", "{E205CC4E-5F5B-4516-9301-2ED703072048}"
EndProject
Project("{D954291E-2A0B-460D-934E-DC6B0785DB48}") = "AutoPocoIO.Core.Shared.test", "..\tests\AutoPocoIO.Core.Shared.test\AutoPocoIO.Core.Shared.test.shproj", "{A1A053C9-7F60-4FEA-A5F5-5CA9705DE569}"
EndProject
Project("{9A19103F-16F7-4668-BE54-9A1E7A4F7556}") = "AutoPocoIO.Core.EFCore3.test", "..\tests\EFCore3\AutoPocoIO.Core.test\AutoPocoIO.Core.EFCore3.test.csproj", "{4F57576C-E43B-4557-A5EB-14C3AC0BF27C}"
EndProject
Project("{9A19103F-16F7-4668-BE54-9A1E7A4F7556}") = "AutoPocoIO.Core.EFCore3", "..\src\EFCore3\AutoPocoIO.Core\AutoPocoIO.Core.EFCore3.csproj", "{BD128907-FBD2-4301-B270-D2A4FFCC7FE5}"
EndProject
Global
	GlobalSection(SharedMSBuildProjectFiles) = preSolution
		..\tests\AutoPocoIO.Core.Shared.test\AutoPocoIO.Core.Shared.test.projitems*{4f57576c-e43b-4557-a5eb-14c3ac0bf27c}*SharedItemsImports = 5
		..\src\AutoPocoIO.Core.Shared\AutoPocoIO.Core.Shared.projitems*{8aaa2e58-1ea7-4a81-a8b9-9f8d55345446}*SharedItemsImports = 13
		..\tests\AutoPocoIO.Core.Shared.test\AutoPocoIO.Core.Shared.test.projitems*{a1a053c9-7f60-4fea-a5f5-5ca9705de569}*SharedItemsImports = 13
		..\src\AutoPocoIO.Core.Shared\AutoPocoIO.Core.Shared.projitems*{bd128907-fbd2-4301-b270-d2a4ffcc7fe5}*SharedItemsImports = 5
	EndGlobalSection
	GlobalSection(SolutionConfigurationPlatforms) = preSolution
		Debug|Any CPU = Debug|Any CPU
		Release|Any CPU = Release|Any CPU
	EndGlobalSection
	GlobalSection(ProjectConfigurationPlatforms) = postSolution
		{4F57576C-E43B-4557-A5EB-14C3AC0BF27C}.Debug|Any CPU.ActiveCfg = Debug|Any CPU
		{4F57576C-E43B-4557-A5EB-14C3AC0BF27C}.Debug|Any CPU.Build.0 = Debug|Any CPU
		{4F57576C-E43B-4557-A5EB-14C3AC0BF27C}.Release|Any CPU.ActiveCfg = Release|Any CPU
		{4F57576C-E43B-4557-A5EB-14C3AC0BF27C}.Release|Any CPU.Build.0 = Release|Any CPU
		{BD128907-FBD2-4301-B270-D2A4FFCC7FE5}.Debug|Any CPU.ActiveCfg = Debug|Any CPU
		{BD128907-FBD2-4301-B270-D2A4FFCC7FE5}.Debug|Any CPU.Build.0 = Debug|Any CPU
		{BD128907-FBD2-4301-B270-D2A4FFCC7FE5}.Release|Any CPU.ActiveCfg = Release|Any CPU
		{BD128907-FBD2-4301-B270-D2A4FFCC7FE5}.Release|Any CPU.Build.0 = Release|Any CPU
	EndGlobalSection
	GlobalSection(SolutionProperties) = preSolution
		HideSolutionNode = FALSE
	EndGlobalSection
	GlobalSection(NestedProjects) = preSolution
		{A1A053C9-7F60-4FEA-A5F5-5CA9705DE569} = {E205CC4E-5F5B-4516-9301-2ED703072048}
		{4F57576C-E43B-4557-A5EB-14C3AC0BF27C} = {E205CC4E-5F5B-4516-9301-2ED703072048}
	EndGlobalSection
	GlobalSection(ExtensibilityGlobals) = postSolution
		SolutionGuid = {E02B234B-1FA4-4766-89AC-2848C7780B57}
	EndGlobalSection
EndGlobal
